// !$*UTF8*$!
{
	archiveVersion = 1;
	classes = {
	};
	objectVersion = 77;
	objects = {

/* Begin PBXBuildFile section */
		CF0FC2862CB94B8300BBCB0B /* README.md in Resources */ = {isa = PBXBuildFile; fileRef = CF0FC2842CB94B7C00BBCB0B /* README.md */; };
/* End PBXBuildFile section */

/* Begin PBXContainerItemProxy section */
		CF0FC24B2CB925D200BBCB0B /* PBXContainerItemProxy */ = {
			isa = PBXContainerItemProxy;
			containerPortal = CF0FC2322CB925CF00BBCB0B /* Project object */;
			proxyType = 1;
			remoteGlobalIDString = CF0FC2392CB925CF00BBCB0B;
			remoteInfo = Homework3;
		};
		CF0FC2552CB925D200BBCB0B /* PBXContainerItemProxy */ = {
			isa = PBXContainerItemProxy;
			containerPortal = CF0FC2322CB925CF00BBCB0B /* Project object */;
			proxyType = 1;
			remoteGlobalIDString = CF0FC2392CB925CF00BBCB0B;
			remoteInfo = Homework3;
		};
/* End PBXContainerItemProxy section */

/* Begin PBXFileReference section */
		CF0FC23A2CB925CF00BBCB0B /* Homework3.app */ = {isa = PBXFileReference; explicitFileType = wrapper.application; includeInIndex = 0; path = Homework3.app; sourceTree = BUILT_PRODUCTS_DIR; };
		CF0FC24A2CB925D200BBCB0B /* Homework3Tests.xctest */ = {isa = PBXFileReference; explicitFileType = wrapper.cfbundle; includeInIndex = 0; path = Homework3Tests.xctest; sourceTree = BUILT_PRODUCTS_DIR; };
		CF0FC2542CB925D200BBCB0B /* Homework3UITests.xctest */ = {isa = PBXFileReference; explicitFileType = wrapper.cfbundle; includeInIndex = 0; path = Homework3UITests.xctest; sourceTree = BUILT_PRODUCTS_DIR; };
		CF0FC2842CB94B7C00BBCB0B /* README.md */ = {isa = PBXFileReference; lastKnownFileType = net.daringfireball.markdown; path = README.md; sourceTree = "<group>"; };
/* End PBXFileReference section */

/* Begin PBXFileSystemSynchronizedRootGroup section */
		CF0FC23C2CB925CF00BBCB0B /* Homework3 */ = {
			isa = PBXFileSystemSynchronizedRootGroup;
			path = Homework3;
			sourceTree = "<group>";
		};
		CF0FC24D2CB925D200BBCB0B /* Homework3Tests */ = {
			isa = PBXFileSystemSynchronizedRootGroup;
			path = Homework3Tests;
			sourceTree = "<group>";
		};
		CF0FC2572CB925D200BBCB0B /* Homework3UITests */ = {
			isa = PBXFileSystemSynchronizedRootGroup;
			path = Homework3UITests;
			sourceTree = "<group>";
		};
/* End PBXFileSystemSynchronizedRootGroup section */

/* Begin PBXFrameworksBuildPhase section */
		CF0FC2372CB925CF00BBCB0B /* Frameworks */ = {
			isa = PBXFrameworksBuildPhase;
			buildActionMask = 2147483647;
			files = (
			);
			runOnlyForDeploymentPostprocessing = 0;
		};
		CF0FC2472CB925D200BBCB0B /* Frameworks */ = {
			isa = PBXFrameworksBuildPhase;
			buildActionMask = 2147483647;
			files = (
			);
			runOnlyForDeploymentPostprocessing = 0;
		};
		CF0FC2512CB925D200BBCB0B /* Frameworks */ = {
			isa = PBXFrameworksBuildPhase;
			buildActionMask = 2147483647;
			files = (
			);
			runOnlyForDeploymentPostprocessing = 0;
		};
/* End PBXFrameworksBuildPhase section */

/* Begin PBXGroup section */
		CF0FC2312CB925CF00BBCB0B = {
			isa = PBXGroup;
			children = (
				CF0FC23C2CB925CF00BBCB0B /* Homework3 */,
				CF0FC24D2CB925D200BBCB0B /* Homework3Tests */,
				CF0FC2572CB925D200BBCB0B /* Homework3UITests */,
				CF0FC23B2CB925CF00BBCB0B /* Products */,
				CF0FC2842CB94B7C00BBCB0B /* README.md */,
			);
			sourceTree = "<group>";
		};
		CF0FC23B2CB925CF00BBCB0B /* Products */ = {
			isa = PBXGroup;
			children = (
				CF0FC23A2CB925CF00BBCB0B /* Homework3.app */,
				CF0FC24A2CB925D200BBCB0B /* Homework3Tests.xctest */,
				CF0FC2542CB925D200BBCB0B /* Homework3UITests.xctest */,
			);
			name = Products;
			sourceTree = "<group>";
		};
/* End PBXGroup section */

/* Begin PBXNativeTarget section */
		CF0FC2392CB925CF00BBCB0B /* Homework3 */ = {
			isa = PBXNativeTarget;
			buildConfigurationList = CF0FC25E2CB925D200BBCB0B /* Build configuration list for PBXNativeTarget "Homework3" */;
			buildPhases = (
				CF0FC2362CB925CF00BBCB0B /* Sources */,
				CF0FC2372CB925CF00BBCB0B /* Frameworks */,
				CF0FC2382CB925CF00BBCB0B /* Resources */,
			);
			buildRules = (
			);
			dependencies = (
			);
			fileSystemSynchronizedGroups = (
				CF0FC23C2CB925CF00BBCB0B /* Homework3 */,
			);
			name = Homework3;
			packageProductDependencies = (
			);
			productName = Homework3;
			productReference = CF0FC23A2CB925CF00BBCB0B /* Homework3.app */;
			productType = "com.apple.product-type.application";
		};
		CF0FC2492CB925D200BBCB0B /* Homework3Tests */ = {
			isa = PBXNativeTarget;
			buildConfigurationList = CF0FC2612CB925D200BBCB0B /* Build configuration list for PBXNativeTarget "Homework3Tests" */;
			buildPhases = (
				CF0FC2462CB925D200BBCB0B /* Sources */,
				CF0FC2472CB925D200BBCB0B /* Frameworks */,
				CF0FC2482CB925D200BBCB0B /* Resources */,
			);
			buildRules = (
			);
			dependencies = (
				CF0FC24C2CB925D200BBCB0B /* PBXTargetDependency */,
			);
			fileSystemSynchronizedGroups = (
				CF0FC24D2CB925D200BBCB0B /* Homework3Tests */,
			);
			name = Homework3Tests;
			packageProductDependencies = (
			);
			productName = Homework3Tests;
			productReference = CF0FC24A2CB925D200BBCB0B /* Homework3Tests.xctest */;
			productType = "com.apple.product-type.bundle.unit-test";
		};
		CF0FC2532CB925D200BBCB0B /* Homework3UITests */ = {
			isa = PBXNativeTarget;
			buildConfigurationList = CF0FC2642CB925D200BBCB0B /* Build configuration list for PBXNativeTarget "Homework3UITests" */;
			buildPhases = (
				CF0FC2502CB925D200BBCB0B /* Sources */,
				CF0FC2512CB925D200BBCB0B /* Frameworks */,
				CF0FC2522CB925D200BBCB0B /* Resources */,
			);
			buildRules = (
			);
			dependencies = (
				CF0FC2562CB925D200BBCB0B /* PBXTargetDependency */,
			);
			fileSystemSynchronizedGroups = (
				CF0FC2572CB925D200BBCB0B /* Homework3UITests */,
			);
			name = Homework3UITests;
			packageProductDependencies = (
			);
			productName = Homework3UITests;
			productReference = CF0FC2542CB925D200BBCB0B /* Homework3UITests.xctest */;
			productType = "com.apple.product-type.bundle.ui-testing";
		};
/* End PBXNativeTarget section */

/* Begin PBXProject section */
		CF0FC2322CB925CF00BBCB0B /* Project object */ = {
			isa = PBXProject;
			attributes = {
				BuildIndependentTargetsInParallel = 1;
				LastSwiftUpdateCheck = 1600;
				LastUpgradeCheck = 1600;
				TargetAttributes = {
					CF0FC2392CB925CF00BBCB0B = {
						CreatedOnToolsVersion = 16.0;
					};
					CF0FC2492CB925D200BBCB0B = {
						CreatedOnToolsVersion = 16.0;
						TestTargetID = CF0FC2392CB925CF00BBCB0B;
					};
					CF0FC2532CB925D200BBCB0B = {
						CreatedOnToolsVersion = 16.0;
						TestTargetID = CF0FC2392CB925CF00BBCB0B;
					};
				};
			};
			buildConfigurationList = CF0FC2352CB925CF00BBCB0B /* Build configuration list for PBXProject "Homework3" */;
			developmentRegion = en;
			hasScannedForEncodings = 0;
			knownRegions = (
				en,
				Base,
			);
			mainGroup = CF0FC2312CB925CF00BBCB0B;
			minimizedProjectReferenceProxies = 1;
			preferredProjectObjectVersion = 77;
			productRefGroup = CF0FC23B2CB925CF00BBCB0B /* Products */;
			projectDirPath = "";
			projectRoot = "";
			targets = (
				CF0FC2392CB925CF00BBCB0B /* Homework3 */,
				CF0FC2492CB925D200BBCB0B /* Homework3Tests */,
				CF0FC2532CB925D200BBCB0B /* Homework3UITests */,
			);
		};
/* End PBXProject section */

/* Begin PBXResourcesBuildPhase section */
		CF0FC2382CB925CF00BBCB0B /* Resources */ = {
			isa = PBXResourcesBuildPhase;
			buildActionMask = 2147483647;
			files = (
				CF0FC2862CB94B8300BBCB0B /* README.md in Resources */,
			);
			runOnlyForDeploymentPostprocessing = 0;
		};
		CF0FC2482CB925D200BBCB0B /* Resources */ = {
			isa = PBXResourcesBuildPhase;
			buildActionMask = 2147483647;
			files = (
			);
			runOnlyForDeploymentPostprocessing = 0;
		};
		CF0FC2522CB925D200BBCB0B /* Resources */ = {
			isa = PBXResourcesBuildPhase;
			buildActionMask = 2147483647;
			files = (
			);
			runOnlyForDeploymentPostprocessing = 0;
		};
/* End PBXResourcesBuildPhase section */

/* Begin PBXSourcesBuildPhase section */
		CF0FC2362CB925CF00BBCB0B /* Sources */ = {
			isa = PBXSourcesBuildPhase;
			buildActionMask = 2147483647;
			files = (
			);
			runOnlyForDeploymentPostprocessing = 0;
		};
		CF0FC2462CB925D200BBCB0B /* Sources */ = {
			isa = PBXSourcesBuildPhase;
			buildActionMask = 2147483647;
			files = (
			);
			runOnlyForDeploymentPostprocessing = 0;
		};
		CF0FC2502CB925D200BBCB0B /* Sources */ = {
			isa = PBXSourcesBuildPhase;
			buildActionMask = 2147483647;
			files = (
			);
			runOnlyForDeploymentPostprocessing = 0;
		};
/* End PBXSourcesBuildPhase section */

/* Begin PBXTargetDependency section */
		CF0FC24C2CB925D200BBCB0B /* PBXTargetDependency */ = {
			isa = PBXTargetDependency;
			target = CF0FC2392CB925CF00BBCB0B /* Homework3 */;
			targetProxy = CF0FC24B2CB925D200BBCB0B /* PBXContainerItemProxy */;
		};
		CF0FC2562CB925D200BBCB0B /* PBXTargetDependency */ = {
			isa = PBXTargetDependency;
			target = CF0FC2392CB925CF00BBCB0B /* Homework3 */;
			targetProxy = CF0FC2552CB925D200BBCB0B /* PBXContainerItemProxy */;
		};
/* End PBXTargetDependency section */

/* Begin XCBuildConfiguration section */
		CF0FC25C2CB925D200BBCB0B /* Debug */ = {
			isa = XCBuildConfiguration;
			buildSettings = {
				ALWAYS_SEARCH_USER_PATHS = NO;
				ASSETCATALOG_COMPILER_GENERATE_SWIFT_ASSET_SYMBOL_EXTENSIONS = YES;
				CLANG_ANALYZER_NONNULL = YES;
				CLANG_ANALYZER_NUMBER_OBJECT_CONVERSION = YES_AGGRESSIVE;
				CLANG_CXX_LANGUAGE_STANDARD = "gnu++20";
				CLANG_ENABLE_MODULES = YES;
				CLANG_ENABLE_OBJC_ARC = YES;
				CLANG_ENABLE_OBJC_WEAK = YES;
				CLANG_WARN_BLOCK_CAPTURE_AUTORELEASING = YES;
				CLANG_WARN_BOOL_CONVERSION = YES;
				CLANG_WARN_COMMA = YES;
				CLANG_WARN_CONSTANT_CONVERSION = YES;
				CLANG_WARN_DEPRECATED_OBJC_IMPLEMENTATIONS = YES;
				CLANG_WARN_DIRECT_OBJC_ISA_USAGE = YES_ERROR;
				CLANG_WARN_DOCUMENTATION_COMMENTS = YES;
				CLANG_WARN_EMPTY_BODY = YES;
				CLANG_WARN_ENUM_CONVERSION = YES;
				CLANG_WARN_INFINITE_RECURSION = YES;
				CLANG_WARN_INT_CONVERSION = YES;
				CLANG_WARN_NON_LITERAL_NULL_CONVERSION = YES;
				CLANG_WARN_OBJC_IMPLICIT_RETAIN_SELF = YES;
				CLANG_WARN_OBJC_LITERAL_CONVERSION = YES;
				CLANG_WARN_OBJC_ROOT_CLASS = YES_ERROR;
				CLANG_WARN_QUOTED_INCLUDE_IN_FRAMEWORK_HEADER = YES;
				CLANG_WARN_RANGE_LOOP_ANALYSIS = YES;
				CLANG_WARN_STRICT_PROTOTYPES = YES;
				CLANG_WARN_SUSPICIOUS_MOVE = YES;
				CLANG_WARN_UNGUARDED_AVAILABILITY = YES_AGGRESSIVE;
				CLANG_WARN_UNREACHABLE_CODE = YES;
				CLANG_WARN__DUPLICATE_METHOD_MATCH = YES;
				COPY_PHASE_STRIP = NO;
				DEBUG_INFORMATION_FORMAT = dwarf;
				ENABLE_STRICT_OBJC_MSGSEND = YES;
				ENABLE_TESTABILITY = YES;
				ENABLE_USER_SCRIPT_SANDBOXING = YES;
				GCC_C_LANGUAGE_STANDARD = gnu17;
				GCC_DYNAMIC_NO_PIC = NO;
				GCC_NO_COMMON_BLOCKS = YES;
				GCC_OPTIMIZATION_LEVEL = 0;
				GCC_PREPROCESSOR_DEFINITIONS = (
					"DEBUG=1",
					"$(inherited)",
				);
				GCC_WARN_64_TO_32_BIT_CONVERSION = YES;
				GCC_WARN_ABOUT_RETURN_TYPE = YES_ERROR;
				GCC_WARN_UNDECLARED_SELECTOR = YES;
				GCC_WARN_UNINITIALIZED_AUTOS = YES_AGGRESSIVE;
				GCC_WARN_UNUSED_FUNCTION = YES;
				GCC_WARN_UNUSED_VARIABLE = YES;
				IPHONEOS_DEPLOYMENT_TARGET = 18.0;
				LOCALIZATION_PREFERS_STRING_CATALOGS = YES;
				MTL_ENABLE_DEBUG_INFO = INCLUDE_SOURCE;
				MTL_FAST_MATH = YES;
				ONLY_ACTIVE_ARCH = YES;
				SDKROOT = iphoneos;
				SWIFT_ACTIVE_COMPILATION_CONDITIONS = "DEBUG $(inherited)";
				SWIFT_OPTIMIZATION_LEVEL = "-Onone";
			};
			name = Debug;
		};
		CF0FC25D2CB925D200BBCB0B /* Release */ = {
			isa = XCBuildConfiguration;
			buildSettings = {
				ALWAYS_SEARCH_USER_PATHS = NO;
				ASSETCATALOG_COMPILER_GENERATE_SWIFT_ASSET_SYMBOL_EXTENSIONS = YES;
				CLANG_ANALYZER_NONNULL = YES;
				CLANG_ANALYZER_NUMBER_OBJECT_CONVERSION = YES_AGGRESSIVE;
				CLANG_CXX_LANGUAGE_STANDARD = "gnu++20";
				CLANG_ENABLE_MODULES = YES;
				CLANG_ENABLE_OBJC_ARC = YES;
				CLANG_ENABLE_OBJC_WEAK = YES;
				CLANG_WARN_BLOCK_CAPTURE_AUTORELEASING = YES;
				CLANG_WARN_BOOL_CONVERSION = YES;
				CLANG_WARN_COMMA = YES;
				CLANG_WARN_CONSTANT_CONVERSION = YES;
				CLANG_WARN_DEPRECATED_OBJC_IMPLEMENTATIONS = YES;
				CLANG_WARN_DIRECT_OBJC_ISA_USAGE = YES_ERROR;
				CLANG_WARN_DOCUMENTATION_COMMENTS = YES;
				CLANG_WARN_EMPTY_BODY = YES;
				CLANG_WARN_ENUM_CONVERSION = YES;
				CLANG_WARN_INFINITE_RECURSION = YES;
				CLANG_WARN_INT_CONVERSION = YES;
				CLANG_WARN_NON_LITERAL_NULL_CONVERSION = YES;
				CLANG_WARN_OBJC_IMPLICIT_RETAIN_SELF = YES;
				CLANG_WARN_OBJC_LITERAL_CONVERSION = YES;
				CLANG_WARN_OBJC_ROOT_CLASS = YES_ERROR;
				CLANG_WARN_QUOTED_INCLUDE_IN_FRAMEWORK_HEADER = YES;
				CLANG_WARN_RANGE_LOOP_ANALYSIS = YES;
				CLANG_WARN_STRICT_PROTOTYPES = YES;
				CLANG_WARN_SUSPICIOUS_MOVE = YES;
				CLANG_WARN_UNGUARDED_AVAILABILITY = YES_AGGRESSIVE;
				CLANG_WARN_UNREACHABLE_CODE = YES;
				CLANG_WARN__DUPLICATE_METHOD_MATCH = YES;
				COPY_PHASE_STRIP = NO;
				DEBUG_INFORMATION_FORMAT = "dwarf-with-dsym";
				ENABLE_NS_ASSERTIONS = NO;
				ENABLE_STRICT_OBJC_MSGSEND = YES;
				ENABLE_USER_SCRIPT_SANDBOXING = YES;
				GCC_C_LANGUAGE_STANDARD = gnu17;
				GCC_NO_COMMON_BLOCKS = YES;
				GCC_WARN_64_TO_32_BIT_CONVERSION = YES;
				GCC_WARN_ABOUT_RETURN_TYPE = YES_ERROR;
				GCC_WARN_UNDECLARED_SELECTOR = YES;
				GCC_WARN_UNINITIALIZED_AUTOS = YES_AGGRESSIVE;
				GCC_WARN_UNUSED_FUNCTION = YES;
				GCC_WARN_UNUSED_VARIABLE = YES;
				IPHONEOS_DEPLOYMENT_TARGET = 18.0;
				LOCALIZATION_PREFERS_STRING_CATALOGS = YES;
				MTL_ENABLE_DEBUG_INFO = NO;
				MTL_FAST_MATH = YES;
				SDKROOT = iphoneos;
				SWIFT_COMPILATION_MODE = wholemodule;
				VALIDATE_PRODUCT = YES;
			};
			name = Release;
		};
		CF0FC25F2CB925D200BBCB0B /* Debug */ = {
			isa = XCBuildConfiguration;
			buildSettings = {
				ASSETCATALOG_COMPILER_APPICON_NAME = AppIcon;
				ASSETCATALOG_COMPILER_GLOBAL_ACCENT_COLOR_NAME = AccentColor;
				CODE_SIGN_STYLE = Automatic;
				CURRENT_PROJECT_VERSION = 1;
				DEVELOPMENT_ASSET_PATHS = "\"Homework3/Preview Content\"";
				DEVELOPMENT_TEAM = 8657PV23K5;
				ENABLE_PREVIEWS = YES;
				GENERATE_INFOPLIST_FILE = YES;
				INFOPLIST_KEY_UIApplicationSceneManifest_Generation = YES;
				INFOPLIST_KEY_UIApplicationSupportsIndirectInputEvents = YES;
				INFOPLIST_KEY_UILaunchScreen_Generation = YES;
				INFOPLIST_KEY_UISupportedInterfaceOrientations_iPad = "UIInterfaceOrientationPortrait UIInterfaceOrientationPortraitUpsideDown UIInterfaceOrientationLandscapeLeft UIInterfaceOrientationLandscapeRight";
				INFOPLIST_KEY_UISupportedInterfaceOrientations_iPhone = "UIInterfaceOrientationPortrait UIInterfaceOrientationLandscapeLeft UIInterfaceOrientationLandscapeRight";
				LD_RUNPATH_SEARCH_PATHS = (
					"$(inherited)",
					"@executable_path/Frameworks",
				);
				MARKETING_VERSION = 1.0;
				PRODUCT_BUNDLE_IDENTIFIER = com.skonno.Homework3;
				PRODUCT_NAME = "$(TARGET_NAME)";
				SWIFT_EMIT_LOC_STRINGS = YES;
				SWIFT_VERSION = 5.0;
				TARGETED_DEVICE_FAMILY = "1,2";
			};
			name = Debug;
		};
		CF0FC2602CB925D200BBCB0B /* Release */ = {
			isa = XCBuildConfiguration;
			buildSettings = {
				ASSETCATALOG_COMPILER_APPICON_NAME = AppIcon;
				ASSETCATALOG_COMPILER_GLOBAL_ACCENT_COLOR_NAME = AccentColor;
				CODE_SIGN_STYLE = Automatic;
				CURRENT_PROJECT_VERSION = 1;
				DEVELOPMENT_ASSET_PATHS = "\"Homework3/Preview Content\"";
				DEVELOPMENT_TEAM = 8657PV23K5;
				ENABLE_PREVIEWS = YES;
				GENERATE_INFOPLIST_FILE = YES;
				INFOPLIST_KEY_UIApplicationSceneManifest_Generation = YES;
				INFOPLIST_KEY_UIApplicationSupportsIndirectInputEvents = YES;
				INFOPLIST_KEY_UILaunchScreen_Generation = YES;
				INFOPLIST_KEY_UISupportedInterfaceOrientations_iPad = "UIInterfaceOrientationPortrait UIInterfaceOrientationPortraitUpsideDown UIInterfaceOrientationLandscapeLeft UIInterfaceOrientationLandscapeRight";
				INFOPLIST_KEY_UISupportedInterfaceOrientations_iPhone = "UIInterfaceOrientationPortrait UIInterfaceOrientationLandscapeLeft UIInterfaceOrientationLandscapeRight";
				LD_RUNPATH_SEARCH_PATHS = (
					"$(inherited)",
					"@executable_path/Frameworks",
				);
				MARKETING_VERSION = 1.0;
				PRODUCT_BUNDLE_IDENTIFIER = com.skonno.Homework3;
				PRODUCT_NAME = "$(TARGET_NAME)";
				SWIFT_EMIT_LOC_STRINGS = YES;
				SWIFT_VERSION = 5.0;
				TARGETED_DEVICE_FAMILY = "1,2";
			};
			name = Release;
		};
		CF0FC2622CB925D200BBCB0B /* Debug */ = {
			isa = XCBuildConfiguration;
			buildSettings = {
				BUNDLE_LOADER = "$(TEST_HOST)";
				CODE_SIGN_STYLE = Automatic;
				CURRENT_PROJECT_VERSION = 1;
				DEVELOPMENT_TEAM = 8657PV23K5;
				GENERATE_INFOPLIST_FILE = YES;
				IPHONEOS_DEPLOYMENT_TARGET = 18.0;
				MARKETING_VERSION = 1.0;
				PRODUCT_BUNDLE_IDENTIFIER = com.skonno.Homework3Tests;
				PRODUCT_NAME = "$(TARGET_NAME)";
				SWIFT_EMIT_LOC_STRINGS = NO;
				SWIFT_VERSION = 5.0;
				TARGETED_DEVICE_FAMILY = "1,2";
				TEST_HOST = "$(BUILT_PRODUCTS_DIR)/Homework3.app/$(BUNDLE_EXECUTABLE_FOLDER_PATH)/Homework3";
			};
			name = Debug;
		};
		CF0FC2632CB925D200BBCB0B /* Release */ = {
			isa = XCBuildConfiguration;
			buildSettings = {
				BUNDLE_LOADER = "$(TEST_HOST)";
				CODE_SIGN_STYLE = Automatic;
				CURRENT_PROJECT_VERSION = 1;
				DEVELOPMENT_TEAM = 8657PV23K5;
				GENERATE_INFOPLIST_FILE = YES;
				IPHONEOS_DEPLOYMENT_TARGET = 18.0;
				MARKETING_VERSION = 1.0;
				PRODUCT_BUNDLE_IDENTIFIER = com.skonno.Homework3Tests;
				PRODUCT_NAME = "$(TARGET_NAME)";
				SWIFT_EMIT_LOC_STRINGS = NO;
				SWIFT_VERSION = 5.0;
				TARGETED_DEVICE_FAMILY = "1,2";
				TEST_HOST = "$(BUILT_PRODUCTS_DIR)/Homework3.app/$(BUNDLE_EXECUTABLE_FOLDER_PATH)/Homework3";
			};
			name = Release;
		};
		CF0FC2652CB925D200BBCB0B /* Debug */ = {
			isa = XCBuildConfiguration;
			buildSettings = {
				CODE_SIGN_STYLE = Automatic;
				CURRENT_PROJECT_VERSION = 1;
				DEVELOPMENT_TEAM = 8657PV23K5;
				GENERATE_INFOPLIST_FILE = YES;
				MARKETING_VERSION = 1.0;
				PRODUCT_BUNDLE_IDENTIFIER = com.skonno.Homework3UITests;
				PRODUCT_NAME = "$(TARGET_NAME)";
				SWIFT_EMIT_LOC_STRINGS = NO;
				SWIFT_VERSION = 5.0;
				TARGETED_DEVICE_FAMILY = "1,2";
				TEST_TARGET_NAME = Homework3;
			};
			name = Debug;
		};
		CF0FC2662CB925D200BBCB0B /* Release */ = {
			isa = XCBuildConfiguration;
			buildSettings = {
				CODE_SIGN_STYLE = Automatic;
				CURRENT_PROJECT_VERSION = 1;
				DEVELOPMENT_TEAM = 8657PV23K5;
				GENERATE_INFOPLIST_FILE = YES;
				MARKETING_VERSION = 1.0;
				PRODUCT_BUNDLE_IDENTIFIER = com.skonno.Homework3UITests;
				PRODUCT_NAME = "$(TARGET_NAME)";
				SWIFT_EMIT_LOC_STRINGS = NO;
				SWIFT_VERSION = 5.0;
				TARGETED_DEVICE_FAMILY = "1,2";
				TEST_TARGET_NAME = Homework3;
			};
			name = Release;
		};
/* End XCBuildConfiguration section */

/* Begin XCConfigurationList section */
		CF0FC2352CB925CF00BBCB0B /* Build configuration list for PBXProject "Homework3" */ = {
			isa = XCConfigurationList;
			buildConfigurations = (
				CF0FC25C2CB925D200BBCB0B /* Debug */,
				CF0FC25D2CB925D200BBCB0B /* Release */,
			);
			defaultConfigurationIsVisible = 0;
			defaultConfigurationName = Release;
		};
		CF0FC25E2CB925D200BBCB0B /* Build configuration list for PBXNativeTarget "Homework3" */ = {
			isa = XCConfigurationList;
			buildConfigurations = (
				CF0FC25F2CB925D200BBCB0B /* Debug */,
				CF0FC2602CB925D200BBCB0B /* Release */,
			);
			defaultConfigurationIsVisible = 0;
			defaultConfigurationName = Release;
		};
		CF0FC2612CB925D200BBCB0B /* Build configuration list for PBXNativeTarget "Homework3Tests" */ = {
			isa = XCConfigurationList;
			buildConfigurations = (
				CF0FC2622CB925D200BBCB0B /* Debug */,
				CF0FC2632CB925D200BBCB0B /* Release */,
			);
			defaultConfigurationIsVisible = 0;
			defaultConfigurationName = Release;
		};
		CF0FC2642CB925D200BBCB0B /* Build configuration list for PBXNativeTarget "Homework3UITests" */ = {
			isa = XCConfigurationList;
			buildConfigurations = (
				CF0FC2652CB925D200BBCB0B /* Debug */,
				CF0FC2662CB925D200BBCB0B /* Release */,
			);
			defaultConfigurationIsVisible = 0;
			defaultConfigurationName = Release;
		};
/* End XCConfigurationList section */
	};
	rootObject = CF0FC2322CB925CF00BBCB0B /* Project object */;
}
